
Microsoft Visual Studio Solution File, Format Version 12.00
# Visual Studio Version 16
VisualStudioVersion = 16.0.29230.47
MinimumVisualStudioVersion = 10.0.40219.1
Project("{FAE04EC0-301F-11D3-BF4B-00C04F79EFBC}") = "UnicodeTypingMaster", "UnicodeTypingMaster.csproj", "{4C9DB408-699C-42C6-AC94-2ADDFDE180A8}"
EndProject
Global
	GlobalSection(SolutionConfigurationPlatforms) = preSolution
		Debug|Any CPU = Debug|Any CPU
		Release|Any CPU = Release|Any CPU
	EndGlobalSection
	GlobalSection(ProjectConfigurationPlatforms) = postSolution
		{4C9DB408-699C-42C6-AC94-2ADDFDE180A8}.Debug|Any CPU.ActiveCfg = Debug|Any CPU
		{4C9DB408-699C-42C6-AC94-2ADDFDE180A8}.Debug|Any CPU.Build.0 = Debug|Any CPU
		{4C9DB408-699C-42C6-AC94-2ADDFDE180A8}.Release|Any CPU.ActiveCfg = Release|Any CPU
		{4C9DB408-699C-42C6-AC94-2ADDFDE180A8}.Release|Any CPU.Build.0 = Release|Any CPU
	EndGlobalSection
	GlobalSection(SolutionProperties) = preSolution
		HideSolutionNode = FALSE
	EndGlobalSection
	GlobalSection(ExtensibilityGlobals) = postSolution
		SolutionGuid = {4C651AE3-309E-4121-BB5E-F9A7F28D5DCF}
	EndGlobalSection
EndGlobal
